
Microsoft Visual Studio Solution File, Format Version 11.00
# Visual Studio 2010
Project("{FAE04EC0-301F-11D3-BF4B-00C04F79EFBC}") = "SpamFilterSample", "SpamFilterSample\SpamFilterSample.csproj", "{DE0BE66A-5714-40DB-8C6B-8C5C8B6402CC}"
EndProject
Global
	GlobalSection(SolutionConfigurationPlatforms) = preSolution
		Debug|Any CPU = Debug|Any CPU
		Release|Any CPU = Release|Any CPU
	EndGlobalSection
	GlobalSection(ProjectConfigurationPlatforms) = postSolution
		{DE0BE66A-5714-40DB-8C6B-8C5C8B6402CC}.Debug|Any CPU.ActiveCfg = Debug|Any CPU
		{DE0BE66A-5714-40DB-8C6B-8C5C8B6402CC}.Debug|Any CPU.Build.0 = Debug|Any CPU
		{DE0BE66A-5714-40DB-8C6B-8C5C8B6402CC}.Release|Any CPU.ActiveCfg = Release|Any CPU
		{DE0BE66A-5714-40DB-8C6B-8C5C8B6402CC}.Release|Any CPU.Build.0 = Release|Any CPU
	EndGlobalSection
	GlobalSection(SolutionProperties) = preSolution
		HideSolutionNode = FALSE
	EndGlobalSection
EndGlobal
